
Microsoft Visual Studio Solution File, Format Version 12.00
# Visual Studio Version 16
VisualStudioVersion = 16.0.28701.123
MinimumVisualStudioVersion = 10.0.40219.1
Project("{FAE04EC0-301F-11D3-BF4B-00C04F79EFBC}") = "HierarchyTraverserLib", "HierarchyTraverserLib\HierarchyTraverserLib.csproj", "{22A10F81-1CD6-4445-8159-53DD70E856A4}"
EndProject
Global
	GlobalSection(SolutionConfigurationPlatforms) = preSolution
		Debug|Any CPU = Debug|Any CPU
		Release|Any CPU = Release|Any CPU
	EndGlobalSection
	GlobalSection(ProjectConfigurationPlatforms) = postSolution
		{22A10F81-1CD6-4445-8159-53DD70E856A4}.Debug|Any CPU.ActiveCfg = Debug|Any CPU
		{22A10F81-1CD6-4445-8159-53DD70E856A4}.Debug|Any CPU.Build.0 = Debug|Any CPU
		{22A10F81-1CD6-4445-8159-53DD70E856A4}.Release|Any CPU.ActiveCfg = Release|Any CPU
		{22A10F81-1CD6-4445-8159-53DD70E856A4}.Release|Any CPU.Build.0 = Release|Any CPU
	EndGlobalSection
	GlobalSection(SolutionProperties) = preSolution
		HideSolutionNode = FALSE
	EndGlobalSection
	GlobalSection(ExtensibilityGlobals) = postSolution
		SolutionGuid = {BD1E9C73-9299-472B-9790-85BECD5F0E34}
	EndGlobalSection
EndGlobal
